
Microsoft Visual Studio Solution File, Format Version 12.00
# Visual Studio Version 16
VisualStudioVersion = 16.0.31410.357
MinimumVisualStudioVersion = 10.0.40219.1
Project("{FAE04EC0-301F-11D3-BF4B-00C04F79EFBC}") = "TasksListConsoleApp", "TasksListConsoleApp\TasksListConsoleApp.csproj", "{A69EF29F-88E8-4973-9EB6-2BEE80F4BB2B}"
EndProject
Global
	GlobalSection(SolutionConfigurationPlatforms) = preSolution
		Debug|Any CPU = Debug|Any CPU
		Release|Any CPU = Release|Any CPU
	EndGlobalSection
	GlobalSection(ProjectConfigurationPlatforms) = postSolution
		{A69EF29F-88E8-4973-9EB6-2BEE80F4BB2B}.Debug|Any CPU.ActiveCfg = Debug|Any CPU
		{A69EF29F-88E8-4973-9EB6-2BEE80F4BB2B}.Debug|Any CPU.Build.0 = Debug|Any CPU
		{A69EF29F-88E8-4973-9EB6-2BEE80F4BB2B}.Release|Any CPU.ActiveCfg = Release|Any CPU
		{A69EF29F-88E8-4973-9EB6-2BEE80F4BB2B}.Release|Any CPU.Build.0 = Release|Any CPU
	EndGlobalSection
	GlobalSection(SolutionProperties) = preSolution
		HideSolutionNode = FALSE
	EndGlobalSection
	GlobalSection(ExtensibilityGlobals) = postSolution
		SolutionGuid = {510D00AC-F0B4-4EF6-8631-7F46BE791E02}
	EndGlobalSection
EndGlobal
